
Microsoft Visual Studio Solution File, Format Version 12.00
# Visual Studio Version 17
VisualStudioVersion = 17.5.002.0
MinimumVisualStudioVersion = 10.0.40219.1
Project("{2150E333-8FDC-42A3-9474-1A3956D46DE8}") = "csharp-prep", "csharp-prep", "{07D52530-3D78-47F3-B305-D8F6CAD65662}"
EndProject
Project("{9A19103F-16F7-4668-BE54-9A1E7A4F7556}") = "Prep1", "csharp-prep\Prep1\Prep1.csproj", "{7F67C756-1293-4D07-80BD-DCE65720002C}"
EndProject
Project("{9A19103F-16F7-4668-BE54-9A1E7A4F7556}") = "Prep2", "csharp-prep\Prep2\Prep2.csproj", "{4580985A-A677-4262-9C8E-724D67ADDE53}"
EndProject
Project("{9A19103F-16F7-4668-BE54-9A1E7A4F7556}") = "Prep3", "csharp-prep\Prep3\Prep3.csproj", "{E60E557D-1262-4424-94FA-FE76AB8CA638}"
EndProject
Project("{9A19103F-16F7-4668-BE54-9A1E7A4F7556}") = "Prep4", "csharp-prep\Prep4\Prep4.csproj", "{6547449F-259E-4C4B-9BCB-98BFEC73A003}"
EndProject
Project("{9A19103F-16F7-4668-BE54-9A1E7A4F7556}") = "Prep5", "csharp-prep\Prep5\Prep5.csproj", "{B4AC68D6-BFD3-4DAD-91B6-6EB1F5C087DA}"
EndProject
Project("{2150E333-8FDC-42A3-9474-1A3956D46DE8}") = "final", "final", "{0138E8E5-770B-48D8-A6EE-F8A6C6B731CE}"
EndProject
Project("{9A19103F-16F7-4668-BE54-9A1E7A4F7556}") = "FinalProject", "final\FinalProject\FinalProject.csproj", "{E3299FF9-A5F9-4F2A-BF0C-8F74B1A29FD2}"
EndProject
Project("{9A19103F-16F7-4668-BE54-9A1E7A4F7556}") = "Foundation1", "final\Foundation1\Foundation1.csproj", "{BFBC7BF9-44BE-414E-8504-6D8AD2BA3CF6}"
EndProject
Project("{9A19103F-16F7-4668-BE54-9A1E7A4F7556}") = "Foundation2", "final\Foundation2\Foundation2.csproj", "{28819457-0807-45AB-985E-2A3635BABB87}"
EndProject
Project("{9A19103F-16F7-4668-BE54-9A1E7A4F7556}") = "Foundation3", "final\Foundation3\Foundation3.csproj", "{B2C88252-54E5-42C6-A27E-D9FE5BFE4D21}"
EndProject
Project("{9A19103F-16F7-4668-BE54-9A1E7A4F7556}") = "Foundation4", "final\Foundation4\Foundation4.csproj", "{898E579D-495B-4034-A6F5-662C16280306}"
EndProject
Project("{2150E333-8FDC-42A3-9474-1A3956D46DE8}") = "prepare", "prepare", "{1A0D5878-DA65-4FD0-9E62-D512F898D8EB}"
EndProject
Project("{9A19103F-16F7-4668-BE54-9A1E7A4F7556}") = "Learning02", "prepare\Learning02\Learning02.csproj", "{DD3B26A7-36FE-4633-9408-814CD06A4181}"
EndProject
Project("{9A19103F-16F7-4668-BE54-9A1E7A4F7556}") = "Learning03", "prepare\Learning03\Learning03.csproj", "{BD00D81A-9F54-4302-A4A1-FE83A4A9D4F8}"
EndProject
Project("{9A19103F-16F7-4668-BE54-9A1E7A4F7556}") = "Learning04", "prepare\Learning04\Learning04.csproj", "{D91DD3FB-4DE1-4460-8FC0-E66AA7F65ADB}"
EndProject
Project("{9A19103F-16F7-4668-BE54-9A1E7A4F7556}") = "Learning05", "prepare\Learning05\Learning05.csproj", "{AE8ABDC8-8086-4C16-BD02-AABE0492F58F}"
EndProject
Project("{2150E333-8FDC-42A3-9474-1A3956D46DE8}") = "prove", "prove", "{ABF386DC-82EF-44DD-962D-7BEBDD4205DD}"
EndProject
Project("{9A19103F-16F7-4668-BE54-9A1E7A4F7556}") = "Develop02", "prove\Develop02\Develop02.csproj", "{BBE6344D-5C0D-44BB-AA05-80B9554D6F24}"
EndProject
Project("{9A19103F-16F7-4668-BE54-9A1E7A4F7556}") = "Develop03", "prove\Develop03\Develop03.csproj", "{C3C4D8B8-A9C2-455F-A0C2-87CB49EC2BD2}"
EndProject
Project("{9A19103F-16F7-4668-BE54-9A1E7A4F7556}") = "Develop04", "prove\Develop04\Develop04.csproj", "{9296DFB6-4F2C-48D7-BA2C-68C662CA518C}"
EndProject
Project("{9A19103F-16F7-4668-BE54-9A1E7A4F7556}") = "Develop05", "prove\Develop05\Develop05.csproj", "{AE485171-E7C2-4864-9674-905D08B009BF}"
EndProject
Project("{2150E333-8FDC-42A3-9474-1A3956D46DE8}") = "sandbox", "sandbox", "{F73F5279-9404-4B36-A95E-A787D191F6F2}"
EndProject
Project("{9A19103F-16F7-4668-BE54-9A1E7A4F7556}") = "Sandbox", "sandbox\Sandbox\Sandbox.csproj", "{8C0239C8-AD36-4D5A-9DCD-B52CC8255944}"
EndProject
Global
	GlobalSection(SolutionConfigurationPlatforms) = preSolution
		Debug|Any CPU = Debug|Any CPU
		Release|Any CPU = Release|Any CPU
	EndGlobalSection
	GlobalSection(ProjectConfigurationPlatforms) = postSolution
		{7F67C756-1293-4D07-80BD-DCE65720002C}.Debug|Any CPU.ActiveCfg = Debug|Any CPU
		{7F67C756-1293-4D07-80BD-DCE65720002C}.Debug|Any CPU.Build.0 = Debug|Any CPU
		{7F67C756-1293-4D07-80BD-DCE65720002C}.Release|Any CPU.ActiveCfg = Release|Any CPU
		{7F67C756-1293-4D07-80BD-DCE65720002C}.Release|Any CPU.Build.0 = Release|Any CPU
		{4580985A-A677-4262-9C8E-724D67ADDE53}.Debug|Any CPU.ActiveCfg = Debug|Any CPU
		{4580985A-A677-4262-9C8E-724D67ADDE53}.Debug|Any CPU.Build.0 = Debug|Any CPU
		{4580985A-A677-4262-9C8E-724D67ADDE53}.Release|Any CPU.ActiveCfg = Release|Any CPU
		{4580985A-A677-4262-9C8E-724D67ADDE53}.Release|Any CPU.Build.0 = Release|Any CPU
		{E60E557D-1262-4424-94FA-FE76AB8CA638}.Debug|Any CPU.ActiveCfg = Debug|Any CPU
		{E60E557D-1262-4424-94FA-FE76AB8CA638}.Debug|Any CPU.Build.0 = Debug|Any CPU
		{E60E557D-1262-4424-94FA-FE76AB8CA638}.Release|Any CPU.ActiveCfg = Release|Any CPU
		{E60E557D-1262-4424-94FA-FE76AB8CA638}.Release|Any CPU.Build.0 = Release|Any CPU
		{6547449F-259E-4C4B-9BCB-98BFEC73A003}.Debug|Any CPU.ActiveCfg = Debug|Any CPU
		{6547449F-259E-4C4B-9BCB-98BFEC73A003}.Debug|Any CPU.Build.0 = Debug|Any CPU
		{6547449F-259E-4C4B-9BCB-98BFEC73A003}.Release|Any CPU.ActiveCfg = Release|Any CPU
		{6547449F-259E-4C4B-9BCB-98BFEC73A003}.Release|Any CPU.Build.0 = Release|Any CPU
		{B4AC68D6-BFD3-4DAD-91B6-6EB1F5C087DA}.Debug|Any CPU.ActiveCfg = Debug|Any CPU
		{B4AC68D6-BFD3-4DAD-91B6-6EB1F5C087DA}.Debug|Any CPU.Build.0 = Debug|Any CPU
		{B4AC68D6-BFD3-4DAD-91B6-6EB1F5C087DA}.Release|Any CPU.ActiveCfg = Release|Any CPU
		{B4AC68D6-BFD3-4DAD-91B6-6EB1F5C087DA}.Release|Any CPU.Build.0 = Release|Any CPU
		{E3299FF9-A5F9-4F2A-BF0C-8F74B1A29FD2}.Debug|Any CPU.ActiveCfg = Debug|Any CPU
		{E3299FF9-A5F9-4F2A-BF0C-8F74B1A29FD2}.Debug|Any CPU.Build.0 = Debug|Any CPU
		{E3299FF9-A5F9-4F2A-BF0C-8F74B1A29FD2}.Release|Any CPU.ActiveCfg = Release|Any CPU
		{E3299FF9-A5F9-4F2A-BF0C-8F74B1A29FD2}.Release|Any CPU.Build.0 = Release|Any CPU
		{BFBC7BF9-44BE-414E-8504-6D8AD2BA3CF6}.Debug|Any CPU.ActiveCfg = Debug|Any CPU
		{BFBC7BF9-44BE-414E-8504-6D8AD2BA3CF6}.Debug|Any CPU.Build.0 = Debug|Any CPU
		{BFBC7BF9-44BE-414E-8504-6D8AD2BA3CF6}.Release|Any CPU.ActiveCfg = Release|Any CPU
		{BFBC7BF9-44BE-414E-8504-6D8AD2BA3CF6}.Release|Any CPU.Build.0 = Release|Any CPU
		{28819457-0807-45AB-985E-2A3635BABB87}.Debug|Any CPU.ActiveCfg = Debug|Any CPU
		{28819457-0807-45AB-985E-2A3635BABB87}.Debug|Any CPU.Build.0 = Debug|Any CPU
		{28819457-0807-45AB-985E-2A3635BABB87}.Release|Any CPU.ActiveCfg = Release|Any CPU
		{28819457-0807-45AB-985E-2A3635BABB87}.Release|Any CPU.Build.0 = Release|Any CPU
		{B2C88252-54E5-42C6-A27E-D9FE5BFE4D21}.Debug|Any CPU.ActiveCfg = Debug|Any CPU
		{B2C88252-54E5-42C6-A27E-D9FE5BFE4D21}.Debug|Any CPU.Build.0 = Debug|Any CPU
		{B2C88252-54E5-42C6-A27E-D9FE5BFE4D21}.Release|Any CPU.ActiveCfg = Release|Any CPU
		{B2C88252-54E5-42C6-A27E-D9FE5BFE4D21}.Release|Any CPU.Build.0 = Release|Any CPU
		{898E579D-495B-4034-A6F5-662C16280306}.Debug|Any CPU.ActiveCfg = Debug|Any CPU
		{898E579D-495B-4034-A6F5-662C16280306}.Debug|Any CPU.Build.0 = Debug|Any CPU
		{898E579D-495B-4034-A6F5-662C16280306}.Release|Any CPU.ActiveCfg = Release|Any CPU
		{898E579D-495B-4034-A6F5-662C16280306}.Release|Any CPU.Build.0 = Release|Any CPU
		{DD3B26A7-36FE-4633-9408-814CD06A4181}.Debug|Any CPU.ActiveCfg = Debug|Any CPU
		{DD3B26A7-36FE-4633-9408-814CD06A4181}.Debug|Any CPU.Build.0 = Debug|Any CPU
		{DD3B26A7-36FE-4633-9408-814CD06A4181}.Release|Any CPU.ActiveCfg = Release|Any CPU
		{DD3B26A7-36FE-4633-9408-814CD06A4181}.Release|Any CPU.Build.0 = Release|Any CPU
		{BD00D81A-9F54-4302-A4A1-FE83A4A9D4F8}.Debug|Any CPU.ActiveCfg = Debug|Any CPU
		{BD00D81A-9F54-4302-A4A1-FE83A4A9D4F8}.Debug|Any CPU.Build.0 = Debug|Any CPU
		{BD00D81A-9F54-4302-A4A1-FE83A4A9D4F8}.Release|Any CPU.ActiveCfg = Release|Any CPU
		{BD00D81A-9F54-4302-A4A1-FE83A4A9D4F8}.Release|Any CPU.Build.0 = Release|Any CPU
		{D91DD3FB-4DE1-4460-8FC0-E66AA7F65ADB}.Debug|Any CPU.ActiveCfg = Debug|Any CPU
		{D91DD3FB-4DE1-4460-8FC0-E66AA7F65ADB}.Debug|Any CPU.Build.0 = Debug|Any CPU
		{D91DD3FB-4DE1-4460-8FC0-E66AA7F65ADB}.Release|Any CPU.ActiveCfg = Release|Any CPU
		{D91DD3FB-4DE1-4460-8FC0-E66AA7F65ADB}.Release|Any CPU.Build.0 = Release|Any CPU
		{AE8ABDC8-8086-4C16-BD02-AABE0492F58F}.Debug|Any CPU.ActiveCfg = Debug|Any CPU
		{AE8ABDC8-8086-4C16-BD02-AABE0492F58F}.Debug|Any CPU.Build.0 = Debug|Any CPU
		{AE8ABDC8-8086-4C16-BD02-AABE0492F58F}.Release|Any CPU.ActiveCfg = Release|Any CPU
		{AE8ABDC8-8086-4C16-BD02-AABE0492F58F}.Release|Any CPU.Build.0 = Release|Any CPU
		{BBE6344D-5C0D-44BB-AA05-80B9554D6F24}.Debug|Any CPU.ActiveCfg = Debug|Any CPU
		{BBE6344D-5C0D-44BB-AA05-80B9554D6F24}.Debug|Any CPU.Build.0 = Debug|Any CPU
		{BBE6344D-5C0D-44BB-AA05-80B9554D6F24}.Release|Any CPU.ActiveCfg = Release|Any CPU
		{BBE6344D-5C0D-44BB-AA05-80B9554D6F24}.Release|Any CPU.Build.0 = Release|Any CPU
		{C3C4D8B8-A9C2-455F-A0C2-87CB49EC2BD2}.Debug|Any CPU.ActiveCfg = Debug|Any CPU
		{C3C4D8B8-A9C2-455F-A0C2-87CB49EC2BD2}.Debug|Any CPU.Build.0 = Debug|Any CPU
		{C3C4D8B8-A9C2-455F-A0C2-87CB49EC2BD2}.Release|Any CPU.ActiveCfg = Release|Any CPU
		{C3C4D8B8-A9C2-455F-A0C2-87CB49EC2BD2}.Release|Any CPU.Build.0 = Release|Any CPU
		{9296DFB6-4F2C-48D7-BA2C-68C662CA518C}.Debug|Any CPU.ActiveCfg = Debug|Any CPU
		{9296DFB6-4F2C-48D7-BA2C-68C662CA518C}.Debug|Any CPU.Build.0 = Debug|Any CPU
		{9296DFB6-4F2C-48D7-BA2C-68C662CA518C}.Release|Any CPU.ActiveCfg = Release|Any CPU
		{9296DFB6-4F2C-48D7-BA2C-68C662CA518C}.Release|Any CPU.Build.0 = Release|Any CPU
		{AE485171-E7C2-4864-9674-905D08B009BF}.Debug|Any CPU.ActiveCfg = Debug|Any CPU
		{AE485171-E7C2-4864-9674-905D08B009BF}.Debug|Any CPU.Build.0 = Debug|Any CPU
		{AE485171-E7C2-4864-9674-905D08B009BF}.Release|Any CPU.ActiveCfg = Release|Any CPU
		{AE485171-E7C2-4864-9674-905D08B009BF}.Release|Any CPU.Build.0 = Release|Any CPU
		{8C0239C8-AD36-4D5A-9DCD-B52CC8255944}.Debug|Any CPU.ActiveCfg = Debug|Any CPU
		{8C0239C8-AD36-4D5A-9DCD-B52CC8255944}.Debug|Any CPU.Build.0 = Debug|Any CPU
		{8C0239C8-AD36-4D5A-9DCD-B52CC8255944}.Release|Any CPU.ActiveCfg = Release|Any CPU
		{8C0239C8-AD36-4D5A-9DCD-B52CC8255944}.Release|Any CPU.Build.0 = Release|Any CPU
	EndGlobalSection
	GlobalSection(SolutionProperties) = preSolution
		HideSolutionNode = FALSE
	EndGlobalSection
	GlobalSection(NestedProjects) = preSolution
		{7F67C756-1293-4D07-80BD-DCE65720002C} = {07D52530-3D78-47F3-B305-D8F6CAD65662}
		{4580985A-A677-4262-9C8E-724D67ADDE53} = {07D52530-3D78-47F3-B305-D8F6CAD65662}
		{E60E557D-1262-4424-94FA-FE76AB8CA638} = {07D52530-3D78-47F3-B305-D8F6CAD65662}
		{6547449F-259E-4C4B-9BCB-98BFEC73A003} = {07D52530-3D78-47F3-B305-D8F6CAD65662}
		{B4AC68D6-BFD3-4DAD-91B6-6EB1F5C087DA} = {07D52530-3D78-47F3-B305-D8F6CAD65662}
		{E3299FF9-A5F9-4F2A-BF0C-8F74B1A29FD2} = {0138E8E5-770B-48D8-A6EE-F8A6C6B731CE}
		{BFBC7BF9-44BE-414E-8504-6D8AD2BA3CF6} = {0138E8E5-770B-48D8-A6EE-F8A6C6B731CE}
		{28819457-0807-45AB-985E-2A3635BABB87} = {0138E8E5-770B-48D8-A6EE-F8A6C6B731CE}
		{B2C88252-54E5-42C6-A27E-D9FE5BFE4D21} = {0138E8E5-770B-48D8-A6EE-F8A6C6B731CE}
		{898E579D-495B-4034-A6F5-662C16280306} = {0138E8E5-770B-48D8-A6EE-F8A6C6B731CE}
		{DD3B26A7-36FE-4633-9408-814CD06A4181} = {1A0D5878-DA65-4FD0-9E62-D512F898D8EB}
		{BD00D81A-9F54-4302-A4A1-FE83A4A9D4F8} = {1A0D5878-DA65-4FD0-9E62-D512F898D8EB}
		{D91DD3FB-4DE1-4460-8FC0-E66AA7F65ADB} = {1A0D5878-DA65-4FD0-9E62-D512F898D8EB}
		{AE8ABDC8-8086-4C16-BD02-AABE0492F58F} = {1A0D5878-DA65-4FD0-9E62-D512F898D8EB}
		{BBE6344D-5C0D-44BB-AA05-80B9554D6F24} = {ABF386DC-82EF-44DD-962D-7BEBDD4205DD}
		{C3C4D8B8-A9C2-455F-A0C2-87CB49EC2BD2} = {ABF386DC-82EF-44DD-962D-7BEBDD4205DD}
		{9296DFB6-4F2C-48D7-BA2C-68C662CA518C} = {ABF386DC-82EF-44DD-962D-7BEBDD4205DD}
		{AE485171-E7C2-4864-9674-905D08B009BF} = {ABF386DC-82EF-44DD-962D-7BEBDD4205DD}
		{8C0239C8-AD36-4D5A-9DCD-B52CC8255944} = {F73F5279-9404-4B36-A95E-A787D191F6F2}
	EndGlobalSection
	GlobalSection(ExtensibilityGlobals) = postSolution
		SolutionGuid = {6385D863-C7BA-49BC-B0BE-E2FB82895052}
	EndGlobalSection
EndGlobal
